// !$*UTF8*$!
{
	archiveVersion = 1;
	classes = {
	};
	objectVersion = 56;
	objects = {

/* Begin PBXBuildFile section */
		510B128B2C0D96FF0052B8B4 /* MoonshotApp.swift in Sources */ = {isa = PBXBuildFile; fileRef = 510B128A2C0D96FF0052B8B4 /* MoonshotApp.swift */; };
		510B128D2C0D96FF0052B8B4 /* ContentView.swift in Sources */ = {isa = PBXBuildFile; fileRef = 510B128C2C0D96FF0052B8B4 /* ContentView.swift */; };
		510B128F2C0D97000052B8B4 /* Assets.xcassets in Resources */ = {isa = PBXBuildFile; fileRef = 510B128E2C0D97000052B8B4 /* Assets.xcassets */; };
		510B12922C0D97000052B8B4 /* Preview Assets.xcassets in Resources */ = {isa = PBXBuildFile; fileRef = 510B12912C0D97000052B8B4 /* Preview Assets.xcassets */; };
		510B129A2C0D97140052B8B4 /* missions.json in Resources */ = {isa = PBXBuildFile; fileRef = 510B12982C0D97140052B8B4 /* missions.json */; };
		510B129B2C0D97140052B8B4 /* astronauts.json in Resources */ = {isa = PBXBuildFile; fileRef = 510B12992C0D97140052B8B4 /* astronauts.json */; };
		510B129D2C0D97780052B8B4 /* Astronauts.swift in Sources */ = {isa = PBXBuildFile; fileRef = 510B129C2C0D97780052B8B4 /* Astronauts.swift */; };
		510B129F2C0D97C30052B8B4 /* Bundle-Decodable.swift in Sources */ = {isa = PBXBuildFile; fileRef = 510B129E2C0D97C30052B8B4 /* Bundle-Decodable.swift */; };
		510B12A12C0D99E80052B8B4 /* Mission.swift in Sources */ = {isa = PBXBuildFile; fileRef = 510B12A02C0D99E80052B8B4 /* Mission.swift */; };
		510B12A32C0D9F9A0052B8B4 /* Color-theme.swift in Sources */ = {isa = PBXBuildFile; fileRef = 510B12A22C0D9F9A0052B8B4 /* Color-theme.swift */; };
		510B12A72C0EC8B50052B8B4 /* MissionView.swift in Sources */ = {isa = PBXBuildFile; fileRef = 510B12A62C0EC8B50052B8B4 /* MissionView.swift */; };
		510B12A92C0ECDEB0052B8B4 /* AstronautView.swift in Sources */ = {isa = PBXBuildFile; fileRef = 510B12A82C0ECDEB0052B8B4 /* AstronautView.swift */; };
		510B12AB2C0ED7BD0052B8B4 /* GridLayout.swift in Sources */ = {isa = PBXBuildFile; fileRef = 510B12AA2C0ED7BD0052B8B4 /* GridLayout.swift */; };
		510B12AD2C0ED7E20052B8B4 /* ListLayout.swift in Sources */ = {isa = PBXBuildFile; fileRef = 510B12AC2C0ED7E20052B8B4 /* ListLayout.swift */; };
/* End PBXBuildFile section */

/* Begin PBXFileReference section */
		510B12872C0D96FF0052B8B4 /* Moonshot.app */ = {isa = PBXFileReference; explicitFileType = wrapper.application; includeInIndex = 0; path = Moonshot.app; sourceTree = BUILT_PRODUCTS_DIR; };
		510B128A2C0D96FF0052B8B4 /* MoonshotApp.swift */ = {isa = PBXFileReference; lastKnownFileType = sourcecode.swift; path = MoonshotApp.swift; sourceTree = "<group>"; };
		510B128C2C0D96FF0052B8B4 /* ContentView.swift */ = {isa = PBXFileReference; lastKnownFileType = sourcecode.swift; path = ContentView.swift; sourceTree = "<group>"; };
		510B128E2C0D97000052B8B4 /* Assets.xcassets */ = {isa = PBXFileReference; lastKnownFileType = folder.assetcatalog; path = Assets.xcassets; sourceTree = "<group>"; };
		510B12912C0D97000052B8B4 /* Preview Assets.xcassets */ = {isa = PBXFileReference; lastKnownFileType = folder.assetcatalog; path = "Preview Assets.xcassets"; sourceTree = "<group>"; };
		510B12982C0D97140052B8B4 /* missions.json */ = {isa = PBXFileReference; fileEncoding = 4; lastKnownFileType = text.json; path = missions.json; sourceTree = "<group>"; };
		510B12992C0D97140052B8B4 /* astronauts.json */ = {isa = PBXFileReference; fileEncoding = 4; lastKnownFileType = text.json; path = astronauts.json; sourceTree = "<group>"; };
		510B129C2C0D97780052B8B4 /* Astronauts.swift */ = {isa = PBXFileReference; lastKnownFileType = sourcecode.swift; path = Astronauts.swift; sourceTree = "<group>"; };
		510B129E2C0D97C30052B8B4 /* Bundle-Decodable.swift */ = {isa = PBXFileReference; lastKnownFileType = sourcecode.swift; path = "Bundle-Decodable.swift"; sourceTree = "<group>"; };
		510B12A02C0D99E80052B8B4 /* Mission.swift */ = {isa = PBXFileReference; lastKnownFileType = sourcecode.swift; path = Mission.swift; sourceTree = "<group>"; };
		510B12A22C0D9F9A0052B8B4 /* Color-theme.swift */ = {isa = PBXFileReference; lastKnownFileType = sourcecode.swift; path = "Color-theme.swift"; sourceTree = "<group>"; };
		510B12A62C0EC8B50052B8B4 /* MissionView.swift */ = {isa = PBXFileReference; lastKnownFileType = sourcecode.swift; path = MissionView.swift; sourceTree = "<group>"; };
		510B12A82C0ECDEB0052B8B4 /* AstronautView.swift */ = {isa = PBXFileReference; lastKnownFileType = sourcecode.swift; path = AstronautView.swift; sourceTree = "<group>"; };
		510B12AA2C0ED7BD0052B8B4 /* GridLayout.swift */ = {isa = PBXFileReference; lastKnownFileType = sourcecode.swift; path = GridLayout.swift; sourceTree = "<group>"; };
		510B12AC2C0ED7E20052B8B4 /* ListLayout.swift */ = {isa = PBXFileReference; lastKnownFileType = sourcecode.swift; path = ListLayout.swift; sourceTree = "<group>"; };
/* End PBXFileReference section */

/* Begin PBXFrameworksBuildPhase section */
		510B12842C0D96FF0052B8B4 /* Frameworks */ = {
			isa = PBXFrameworksBuildPhase;
			buildActionMask = 2147483647;
			files = (
			);
			runOnlyForDeploymentPostprocessing = 0;
		};
/* End PBXFrameworksBuildPhase section */

/* Begin PBXGroup section */
		510B127E2C0D96FF0052B8B4 = {
			isa = PBXGroup;
			children = (
				510B12892C0D96FF0052B8B4 /* Moonshot */,
				510B12882C0D96FF0052B8B4 /* Products */,
			);
			sourceTree = "<group>";
		};
		510B12882C0D96FF0052B8B4 /* Products */ = {
			isa = PBXGroup;
			children = (
				510B12872C0D96FF0052B8B4 /* Moonshot.app */,
			);
			name = Products;
			sourceTree = "<group>";
		};
		510B12892C0D96FF0052B8B4 /* Moonshot */ = {
			isa = PBXGroup;
			children = (
				510B12992C0D97140052B8B4 /* astronauts.json */,
				510B129C2C0D97780052B8B4 /* Astronauts.swift */,
				510B129E2C0D97C30052B8B4 /* Bundle-Decodable.swift */,
				510B12982C0D97140052B8B4 /* missions.json */,
				510B12A02C0D99E80052B8B4 /* Mission.swift */,
				510B128A2C0D96FF0052B8B4 /* MoonshotApp.swift */,
				510B128C2C0D96FF0052B8B4 /* ContentView.swift */,
				510B12AC2C0ED7E20052B8B4 /* ListLayout.swift */,
				510B12AA2C0ED7BD0052B8B4 /* GridLayout.swift */,
				510B12A62C0EC8B50052B8B4 /* MissionView.swift */,
				510B12A82C0ECDEB0052B8B4 /* AstronautView.swift */,
				510B12A22C0D9F9A0052B8B4 /* Color-theme.swift */,
				510B128E2C0D97000052B8B4 /* Assets.xcassets */,
				510B12902C0D97000052B8B4 /* Preview Content */,
			);
			path = Moonshot;
			sourceTree = "<group>";
		};
		510B12902C0D97000052B8B4 /* Preview Content */ = {
			isa = PBXGroup;
			children = (
				510B12912C0D97000052B8B4 /* Preview Assets.xcassets */,
			);
			path = "Preview Content";
			sourceTree = "<group>";
		};
/* End PBXGroup section */

/* Begin PBXNativeTarget section */
		510B12862C0D96FF0052B8B4 /* Moonshot */ = {
			isa = PBXNativeTarget;
			buildConfigurationList = 510B12952C0D97000052B8B4 /* Build configuration list for PBXNativeTarget "Moonshot" */;
			buildPhases = (
				510B12832C0D96FF0052B8B4 /* Sources */,
				510B12842C0D96FF0052B8B4 /* Frameworks */,
				510B12852C0D96FF0052B8B4 /* Resources */,
			);
			buildRules = (
			);
			dependencies = (
			);
			name = Moonshot;
			productName = Moonshot;
			productReference = 510B12872C0D96FF0052B8B4 /* Moonshot.app */;
			productType = "com.apple.product-type.application";
		};
/* End PBXNativeTarget section */

/* Begin PBXProject section */
		510B127F2C0D96FF0052B8B4 /* Project object */ = {
			isa = PBXProject;
			attributes = {
				BuildIndependentTargetsInParallel = 1;
				LastSwiftUpdateCheck = 1510;
				LastUpgradeCheck = 1510;
				TargetAttributes = {
					510B12862C0D96FF0052B8B4 = {
						CreatedOnToolsVersion = 15.1;
					};
				};
			};
			buildConfigurationList = 510B12822C0D96FF0052B8B4 /* Build configuration list for PBXProject "Moonshot" */;
			compatibilityVersion = "Xcode 14.0";
			developmentRegion = en;
			hasScannedForEncodings = 0;
			knownRegions = (
				en,
				Base,
			);
			mainGroup = 510B127E2C0D96FF0052B8B4;
			productRefGroup = 510B12882C0D96FF0052B8B4 /* Products */;
			projectDirPath = "";
			projectRoot = "";
			targets = (
				510B12862C0D96FF0052B8B4 /* Moonshot */,
			);
		};
/* End PBXProject section */

/* Begin PBXResourcesBuildPhase section */
		510B12852C0D96FF0052B8B4 /* Resources */ = {
			isa = PBXResourcesBuildPhase;
			buildActionMask = 2147483647;
			files = (
				510B12922C0D97000052B8B4 /* Preview Assets.xcassets in Resources */,
				510B129A2C0D97140052B8B4 /* missions.json in Resources */,
				510B128F2C0D97000052B8B4 /* Assets.xcassets in Resources */,
				510B129B2C0D97140052B8B4 /* astronauts.json in Resources */,
			);
			runOnlyForDeploymentPostprocessing = 0;
		};
/* End PBXResourcesBuildPhase section */

/* Begin PBXSourcesBuildPhase section */
		510B12832C0D96FF0052B8B4 /* Sources */ = {
			isa = PBXSourcesBuildPhase;
			buildActionMask = 2147483647;
			files = (
				510B12A72C0EC8B50052B8B4 /* MissionView.swift in Sources */,
				510B128D2C0D96FF0052B8B4 /* ContentView.swift in Sources */,
				510B12AD2C0ED7E20052B8B4 /* ListLayout.swift in Sources */,
				510B12A92C0ECDEB0052B8B4 /* AstronautView.swift in Sources */,
				510B12AB2C0ED7BD0052B8B4 /* GridLayout.swift in Sources */,
				510B12A32C0D9F9A0052B8B4 /* Color-theme.swift in Sources */,
				510B129D2C0D97780052B8B4 /* Astronauts.swift in Sources */,
				510B128B2C0D96FF0052B8B4 /* MoonshotApp.swift in Sources */,
				510B12A12C0D99E80052B8B4 /* Mission.swift in Sources */,
				510B129F2C0D97C30052B8B4 /* Bundle-Decodable.swift in Sources */,
			);
			runOnlyForDeploymentPostprocessing = 0;
		};
/* End PBXSourcesBuildPhase section */

/* Begin XCBuildConfiguration section */
		510B12932C0D97000052B8B4 /* Debug */ = {
			isa = XCBuildConfiguration;
			buildSettings = {
				ALWAYS_SEARCH_USER_PATHS = NO;
				ASSETCATALOG_COMPILER_GENERATE_SWIFT_ASSET_SYMBOL_EXTENSIONS = YES;
				CLANG_ANALYZER_NONNULL = YES;
				CLANG_ANALYZER_NUMBER_OBJECT_CONVERSION = YES_AGGRESSIVE;
				CLANG_CXX_LANGUAGE_STANDARD = "gnu++20";
				CLANG_ENABLE_MODULES = YES;
				CLANG_ENABLE_OBJC_ARC = YES;
				CLANG_ENABLE_OBJC_WEAK = YES;
				CLANG_WARN_BLOCK_CAPTURE_AUTORELEASING = YES;
				CLANG_WARN_BOOL_CONVERSION = YES;
				CLANG_WARN_COMMA = YES;
				CLANG_WARN_CONSTANT_CONVERSION = YES;
				CLANG_WARN_DEPRECATED_OBJC_IMPLEMENTATIONS = YES;
				CLANG_WARN_DIRECT_OBJC_ISA_USAGE = YES_ERROR;
				CLANG_WARN_DOCUMENTATION_COMMENTS = YES;
				CLANG_WARN_EMPTY_BODY = YES;
				CLANG_WARN_ENUM_CONVERSION = YES;
				CLANG_WARN_INFINITE_RECURSION = YES;
				CLANG_WARN_INT_CONVERSION = YES;
				CLANG_WARN_NON_LITERAL_NULL_CONVERSION = YES;
				CLANG_WARN_OBJC_IMPLICIT_RETAIN_SELF = YES;
				CLANG_WARN_OBJC_LITERAL_CONVERSION = YES;
				CLANG_WARN_OBJC_ROOT_CLASS = YES_ERROR;
				CLANG_WARN_QUOTED_INCLUDE_IN_FRAMEWORK_HEADER = YES;
				CLANG_WARN_RANGE_LOOP_ANALYSIS = YES;
				CLANG_WARN_STRICT_PROTOTYPES = YES;
				CLANG_WARN_SUSPICIOUS_MOVE = YES;
				CLANG_WARN_UNGUARDED_AVAILABILITY = YES_AGGRESSIVE;
				CLANG_WARN_UNREACHABLE_CODE = YES;
				CLANG_WARN__DUPLICATE_METHOD_MATCH = YES;
				COPY_PHASE_STRIP = NO;
				DEBUG_INFORMATION_FORMAT = dwarf;
				ENABLE_STRICT_OBJC_MSGSEND = YES;
				ENABLE_TESTABILITY = YES;
				ENABLE_USER_SCRIPT_SANDBOXING = YES;
				GCC_C_LANGUAGE_STANDARD = gnu17;
				GCC_DYNAMIC_NO_PIC = NO;
				GCC_NO_COMMON_BLOCKS = YES;
				GCC_OPTIMIZATION_LEVEL = 0;
				GCC_PREPROCESSOR_DEFINITIONS = (
					"DEBUG=1",
					"$(inherited)",
				);
				GCC_WARN_64_TO_32_BIT_CONVERSION = YES;
				GCC_WARN_ABOUT_RETURN_TYPE = YES_ERROR;
				GCC_WARN_UNDECLARED_SELECTOR = YES;
				GCC_WARN_UNINITIALIZED_AUTOS = YES_AGGRESSIVE;
				GCC_WARN_UNUSED_FUNCTION = YES;
				GCC_WARN_UNUSED_VARIABLE = YES;
				IPHONEOS_DEPLOYMENT_TARGET = 17.2;
				LOCALIZATION_PREFERS_STRING_CATALOGS = YES;
				MTL_ENABLE_DEBUG_INFO = INCLUDE_SOURCE;
				MTL_FAST_MATH = YES;
				ONLY_ACTIVE_ARCH = YES;
				SDKROOT = iphoneos;
				SWIFT_ACTIVE_COMPILATION_CONDITIONS = "DEBUG $(inherited)";
				SWIFT_OPTIMIZATION_LEVEL = "-Onone";
			};
			name = Debug;
		};
		510B12942C0D97000052B8B4 /* Release */ = {
			isa = XCBuildConfiguration;
			buildSettings = {
				ALWAYS_SEARCH_USER_PATHS = NO;
				ASSETCATALOG_COMPILER_GENERATE_SWIFT_ASSET_SYMBOL_EXTENSIONS = YES;
				CLANG_ANALYZER_NONNULL = YES;
				CLANG_ANALYZER_NUMBER_OBJECT_CONVERSION = YES_AGGRESSIVE;
				CLANG_CXX_LANGUAGE_STANDARD = "gnu++20";
				CLANG_ENABLE_MODULES = YES;
				CLANG_ENABLE_OBJC_ARC = YES;
				CLANG_ENABLE_OBJC_WEAK = YES;
				CLANG_WARN_BLOCK_CAPTURE_AUTORELEASING = YES;
				CLANG_WARN_BOOL_CONVERSION = YES;
				CLANG_WARN_COMMA = YES;
				CLANG_WARN_CONSTANT_CONVERSION = YES;
				CLANG_WARN_DEPRECATED_OBJC_IMPLEMENTATIONS = YES;
				CLANG_WARN_DIRECT_OBJC_ISA_USAGE = YES_ERROR;
				CLANG_WARN_DOCUMENTATION_COMMENTS = YES;
				CLANG_WARN_EMPTY_BODY = YES;
				CLANG_WARN_ENUM_CONVERSION = YES;
				CLANG_WARN_INFINITE_RECURSION = YES;
				CLANG_WARN_INT_CONVERSION = YES;
				CLANG_WARN_NON_LITERAL_NULL_CONVERSION = YES;
				CLANG_WARN_OBJC_IMPLICIT_RETAIN_SELF = YES;
				CLANG_WARN_OBJC_LITERAL_CONVERSION = YES;
				CLANG_WARN_OBJC_ROOT_CLASS = YES_ERROR;
				CLANG_WARN_QUOTED_INCLUDE_IN_FRAMEWORK_HEADER = YES;
				CLANG_WARN_RANGE_LOOP_ANALYSIS = YES;
				CLANG_WARN_STRICT_PROTOTYPES = YES;
				CLANG_WARN_SUSPICIOUS_MOVE = YES;
				CLANG_WARN_UNGUARDED_AVAILABILITY = YES_AGGRESSIVE;
				CLANG_WARN_UNREACHABLE_CODE = YES;
				CLANG_WARN__DUPLICATE_METHOD_MATCH = YES;
				COPY_PHASE_STRIP = NO;
				DEBUG_INFORMATION_FORMAT = "dwarf-with-dsym";
				ENABLE_NS_ASSERTIONS = NO;
				ENABLE_STRICT_OBJC_MSGSEND = YES;
				ENABLE_USER_SCRIPT_SANDBOXING = YES;
				GCC_C_LANGUAGE_STANDARD = gnu17;
				GCC_NO_COMMON_BLOCKS = YES;
				GCC_WARN_64_TO_32_BIT_CONVERSION = YES;
				GCC_WARN_ABOUT_RETURN_TYPE = YES_ERROR;
				GCC_WARN_UNDECLARED_SELECTOR = YES;
				GCC_WARN_UNINITIALIZED_AUTOS = YES_AGGRESSIVE;
				GCC_WARN_UNUSED_FUNCTION = YES;
				GCC_WARN_UNUSED_VARIABLE = YES;
				IPHONEOS_DEPLOYMENT_TARGET = 17.2;
				LOCALIZATION_PREFERS_STRING_CATALOGS = YES;
				MTL_ENABLE_DEBUG_INFO = NO;
				MTL_FAST_MATH = YES;
				SDKROOT = iphoneos;
				SWIFT_COMPILATION_MODE = wholemodule;
				VALIDATE_PRODUCT = YES;
			};
			name = Release;
		};
		510B12962C0D97000052B8B4 /* Debug */ = {
			isa = XCBuildConfiguration;
			buildSettings = {
				ASSETCATALOG_COMPILER_APPICON_NAME = AppIcon;
				ASSETCATALOG_COMPILER_GLOBAL_ACCENT_COLOR_NAME = AccentColor;
				CODE_SIGN_STYLE = Automatic;
				CURRENT_PROJECT_VERSION = 1;
				DEVELOPMENT_ASSET_PATHS = "\"Moonshot/Preview Content\"";
				DEVELOPMENT_TEAM = GM5WM2FSF2;
				ENABLE_PREVIEWS = YES;
				GENERATE_INFOPLIST_FILE = YES;
				INFOPLIST_KEY_UIApplicationSceneManifest_Generation = YES;
				INFOPLIST_KEY_UIApplicationSupportsIndirectInputEvents = YES;
				INFOPLIST_KEY_UILaunchScreen_Generation = YES;
				INFOPLIST_KEY_UISupportedInterfaceOrientations_iPad = "UIInterfaceOrientationPortrait UIInterfaceOrientationPortraitUpsideDown UIInterfaceOrientationLandscapeLeft UIInterfaceOrientationLandscapeRight";
				INFOPLIST_KEY_UISupportedInterfaceOrientations_iPhone = "UIInterfaceOrientationPortrait UIInterfaceOrientationLandscapeLeft UIInterfaceOrientationLandscapeRight";
				LD_RUNPATH_SEARCH_PATHS = (
					"$(inherited)",
					"@executable_path/Frameworks",
				);
				MARKETING_VERSION = 1.0;
				PRODUCT_BUNDLE_IDENTIFIER = com.lukechoi.Moonshot;
				PRODUCT_NAME = "$(TARGET_NAME)";
				SWIFT_EMIT_LOC_STRINGS = YES;
				SWIFT_VERSION = 5.0;
				TARGETED_DEVICE_FAMILY = "1,2";
			};
			name = Debug;
		};
		510B12972C0D97000052B8B4 /* Release */ = {
			isa = XCBuildConfiguration;
			buildSettings = {
				ASSETCATALOG_COMPILER_APPICON_NAME = AppIcon;
				ASSETCATALOG_COMPILER_GLOBAL_ACCENT_COLOR_NAME = AccentColor;
				CODE_SIGN_STYLE = Automatic;
				CURRENT_PROJECT_VERSION = 1;
				DEVELOPMENT_ASSET_PATHS = "\"Moonshot/Preview Content\"";
				DEVELOPMENT_TEAM = GM5WM2FSF2;
				ENABLE_PREVIEWS = YES;
				GENERATE_INFOPLIST_FILE = YES;
				INFOPLIST_KEY_UIApplicationSceneManifest_Generation = YES;
				INFOPLIST_KEY_UIApplicationSupportsIndirectInputEvents = YES;
				INFOPLIST_KEY_UILaunchScreen_Generation = YES;
				INFOPLIST_KEY_UISupportedInterfaceOrientations_iPad = "UIInterfaceOrientationPortrait UIInterfaceOrientationPortraitUpsideDown UIInterfaceOrientationLandscapeLeft UIInterfaceOrientationLandscapeRight";
				INFOPLIST_KEY_UISupportedInterfaceOrientations_iPhone = "UIInterfaceOrientationPortrait UIInterfaceOrientationLandscapeLeft UIInterfaceOrientationLandscapeRight";
				LD_RUNPATH_SEARCH_PATHS = (
					"$(inherited)",
					"@executable_path/Frameworks",
				);
				MARKETING_VERSION = 1.0;
				PRODUCT_BUNDLE_IDENTIFIER = com.lukechoi.Moonshot;
				PRODUCT_NAME = "$(TARGET_NAME)";
				SWIFT_EMIT_LOC_STRINGS = YES;
				SWIFT_VERSION = 5.0;
				TARGETED_DEVICE_FAMILY = "1,2";
			};
			name = Release;
		};
/* End XCBuildConfiguration section */

/* Begin XCConfigurationList section */
		510B12822C0D96FF0052B8B4 /* Build configuration list for PBXProject "Moonshot" */ = {
			isa = XCConfigurationList;
			buildConfigurations = (
				510B12932C0D97000052B8B4 /* Debug */,
				510B12942C0D97000052B8B4 /* Release */,
			);
			defaultConfigurationIsVisible = 0;
			defaultConfigurationName = Release;
		};
		510B12952C0D97000052B8B4 /* Build configuration list for PBXNativeTarget "Moonshot" */ = {
			isa = XCConfigurationList;
			buildConfigurations = (
				510B12962C0D97000052B8B4 /* Debug */,
				510B12972C0D97000052B8B4 /* Release */,
			);
			defaultConfigurationIsVisible = 0;
			defaultConfigurationName = Release;
		};
/* End XCConfigurationList section */
	};
	rootObject = 510B127F2C0D96FF0052B8B4 /* Project object */;
}
